# This file is automatically @generated by Cargo.
# It is not intended for manual editing.
version = 4

[[package]]
name = "autocfg"
version = "1.5.1"
source = "registry+https://github.com/rust-lang/crates.io-index"
checksum = "f2032f911046de80f0a198e0901378627c33f59ea0ac00e363d481118bd70a53"

[[package]]
name = "bitvec"
version = "1.1.1"
source = "registry+https://github.com/rust-lang/crates.io-index"
checksum = "ddcec3d12c579d40898fe0a9a358a803c23e9c52ca3c425707f81c9436211837"
dependencies = [
 "funty",
 "radium",
 "tap",
 "wyz",
]

[[package]]
name = "funty"
version = "2.0.0"
source = "registry+https://github.com/rust-lang/crates.io-index"
checksum = "e6d5a32815ae3f33302d95fdcb2ce17862f8c65363dcfd29360480ba1001fc9c"

[[package]]
name = "num-traits"
version = "0.2.19"
source = "registry+https://github.com/rust-lang/crates.io-index"
checksum = "071dfc062690e90b734c0b2273ce72ad0ffa95f0c74596bc250dcfd960262841"
dependencies = [
 "autocfg",
]

[[package]]
name = "radium"
version = "0.7.0"
source = "registry+https://github.com/rust-lang/crates.io-index"
checksum = "dc33ff2d4973d518d823d61aa239014831e521c75da58e3df4840d3f47749d09"

[[package]]
name = "tap"
version = "1.0.1"
source = "registry+https://github.com/rust-lang/crates.io-index"
checksum = "55937e1799185b12863d447f42597ed69d9928686b8d88a1df17376a097d8369"

[[package]]
name = "vasm"
version = "0.1.0"
dependencies = [
 "vdump",
 "vms-obj",
]

[[package]]
name = "vdump"
version = "0.1.0"
dependencies = [
 "vms-obj",
 "yaxpeax-arch",
 "yaxpeax-arm",
]

[[package]]
name = "vlib"
version = "0.1.0"
dependencies = [
 "vasm",
 "vms-obj",
]

[[package]]
name = "vlink"
version = "0.1.0"
dependencies = [
 "vasm",
 "vlib",
 "vms-obj",
]

[[package]]
name = "vms-obj"
version = "0.1.0"

[[package]]
name = "vrun"
version = "0.1.0"
dependencies = [
 "vasm",
 "vlib",
 "vlink",
 "vms-obj",
]

[[package]]
name = "wyz"
version = "0.5.1"
source = "registry+https://github.com/rust-lang/crates.io-index"
checksum = "05f360fc0b24296329c78fda852a1e9ae82de9cf7b27dae4b7f62f118f77b9ed"
dependencies = [
 "tap",
]

[[package]]
name = "yaxpeax-arch"
version = "0.3.2"
source = "registry+https://github.com/rust-lang/crates.io-index"
checksum = "36274fcc5403da2a7636ffda4d02eca12a1b2b8267b9d2e04447bd2ccfc72082"
dependencies = [
 "num-traits",
]

[[package]]
name = "yaxpeax-arm"
version = "0.5.0"
source = "registry+https://github.com/rust-lang/crates.io-index"
checksum = "79f8d9808ad0b7e434882c66e50704138e7c0bdf3408a9f3159c50603dc3168c"
dependencies = [
 "bitvec",
 "yaxpeax-arch",
]
